
Microsoft Visual Studio Solution File, Format Version 12.00
# Visual Studio Version 17
VisualStudioVersion = 17.4.33213.308
MinimumVisualStudioVersion = 10.0.40219.1
Project("{FAE04EC0-301F-11D3-BF4B-00C04F79EFBC}") = "FinanzaPersonalAPI", "FinanzaPersonalAPI\FinanzaPersonalAPI.csproj", "{6C02A4D3-9678-438B-AC81-CDF6D3194239}"
EndProject
Project("{FAE04EC0-301F-11D3-BF4B-00C04F79EFBC}") = "FinanzaPersonalAPI.BusinessLogic.Interface", "FinanzaPersonalAPI.BusinessLogic.Interface\FinanzaPersonalAPI.BusinessLogic.Interface.csproj", "{68B92189-1B12-454F-B91F-02D7C2367884}"
EndProject
Project("{FAE04EC0-301F-11D3-BF4B-00C04F79EFBC}") = "FinanzaPersonalAPI.Model", "FinanzaPersonalAPI.Model\FinanzaPersonalAPI.Model.csproj", "{7020E662-E084-4D88-A3B2-6405389539AB}"
EndProject
Project("{FAE04EC0-301F-11D3-BF4B-00C04F79EFBC}") = "FinanzaPersonalAPI.BusinessLogic", "FinanzaPersonalAPI.BusinessLogic\FinanzaPersonalAPI.BusinessLogic.csproj", "{8148B646-A227-4305-9677-6401452044EC}"
EndProject
Project("{FAE04EC0-301F-11D3-BF4B-00C04F79EFBC}") = "FinanzaPersonalAPI.DataAccess.Interface", "FinanzaPersonalAPI.DataAccess.Interface\FinanzaPersonalAPI.DataAccess.Interface.csproj", "{023049F6-5AD5-4E61-A761-CDE3BFC29915}"
EndProject
Global
	GlobalSection(SolutionConfigurationPlatforms) = preSolution
		Debug|Any CPU = Debug|Any CPU
		Release|Any CPU = Release|Any CPU
	EndGlobalSection
	GlobalSection(ProjectConfigurationPlatforms) = postSolution
		{6C02A4D3-9678-438B-AC81-CDF6D3194239}.Debug|Any CPU.ActiveCfg = Debug|Any CPU
		{6C02A4D3-9678-438B-AC81-CDF6D3194239}.Debug|Any CPU.Build.0 = Debug|Any CPU
		{6C02A4D3-9678-438B-AC81-CDF6D3194239}.Release|Any CPU.ActiveCfg = Release|Any CPU
		{6C02A4D3-9678-438B-AC81-CDF6D3194239}.Release|Any CPU.Build.0 = Release|Any CPU
		{68B92189-1B12-454F-B91F-02D7C2367884}.Debug|Any CPU.ActiveCfg = Debug|Any CPU
		{68B92189-1B12-454F-B91F-02D7C2367884}.Debug|Any CPU.Build.0 = Debug|Any CPU
		{68B92189-1B12-454F-B91F-02D7C2367884}.Release|Any CPU.ActiveCfg = Release|Any CPU
		{68B92189-1B12-454F-B91F-02D7C2367884}.Release|Any CPU.Build.0 = Release|Any CPU
		{7020E662-E084-4D88-A3B2-6405389539AB}.Debug|Any CPU.ActiveCfg = Debug|Any CPU
		{7020E662-E084-4D88-A3B2-6405389539AB}.Debug|Any CPU.Build.0 = Debug|Any CPU
		{7020E662-E084-4D88-A3B2-6405389539AB}.Release|Any CPU.ActiveCfg = Release|Any CPU
		{7020E662-E084-4D88-A3B2-6405389539AB}.Release|Any CPU.Build.0 = Release|Any CPU
		{8148B646-A227-4305-9677-6401452044EC}.Debug|Any CPU.ActiveCfg = Debug|Any CPU
		{8148B646-A227-4305-9677-6401452044EC}.Debug|Any CPU.Build.0 = Debug|Any CPU
		{8148B646-A227-4305-9677-6401452044EC}.Release|Any CPU.ActiveCfg = Release|Any CPU
		{8148B646-A227-4305-9677-6401452044EC}.Release|Any CPU.Build.0 = Release|Any CPU
		{023049F6-5AD5-4E61-A761-CDE3BFC29915}.Debug|Any CPU.ActiveCfg = Debug|Any CPU
		{023049F6-5AD5-4E61-A761-CDE3BFC29915}.Debug|Any CPU.Build.0 = Debug|Any CPU
		{023049F6-5AD5-4E61-A761-CDE3BFC29915}.Release|Any CPU.ActiveCfg = Release|Any CPU
		{023049F6-5AD5-4E61-A761-CDE3BFC29915}.Release|Any CPU.Build.0 = Release|Any CPU
	EndGlobalSection
	GlobalSection(SolutionProperties) = preSolution
		HideSolutionNode = FALSE
	EndGlobalSection
	GlobalSection(ExtensibilityGlobals) = postSolution
		SolutionGuid = {7E580443-84AE-4565-BD79-14629C1F7787}
	EndGlobalSection
EndGlobal
